
Microsoft Visual Studio Solution File, Format Version 12.00
# Visual Studio Version 17
VisualStudioVersion = 17.8.34525.116
MinimumVisualStudioVersion = 10.0.40219.1
Project("{FAE04EC0-301F-11D3-BF4B-00C04F79EFBC}") = "MYSQL_Practice_1", "MYSQL_Practice_1\MYSQL_Practice_1.csproj", "{F941E2F9-A327-4DD6-9871-A3E5D154B08E}"
EndProject
Project("{FAE04EC0-301F-11D3-BF4B-00C04F79EFBC}") = "MYSQL_Practice_1_Test", "MYSQL_Practice_1_Test\MYSQL_Practice_1_Test.csproj", "{D58672C4-BC1C-4D35-8806-BD27BEB40742}"
EndProject
Global
	GlobalSection(SolutionConfigurationPlatforms) = preSolution
		Debug|Any CPU = Debug|Any CPU
		Release|Any CPU = Release|Any CPU
	EndGlobalSection
	GlobalSection(ProjectConfigurationPlatforms) = postSolution
		{F941E2F9-A327-4DD6-9871-A3E5D154B08E}.Debug|Any CPU.ActiveCfg = Debug|Any CPU
		{F941E2F9-A327-4DD6-9871-A3E5D154B08E}.Debug|Any CPU.Build.0 = Debug|Any CPU
		{F941E2F9-A327-4DD6-9871-A3E5D154B08E}.Release|Any CPU.ActiveCfg = Release|Any CPU
		{F941E2F9-A327-4DD6-9871-A3E5D154B08E}.Release|Any CPU.Build.0 = Release|Any CPU
		{D58672C4-BC1C-4D35-8806-BD27BEB40742}.Debug|Any CPU.ActiveCfg = Debug|Any CPU
		{D58672C4-BC1C-4D35-8806-BD27BEB40742}.Debug|Any CPU.Build.0 = Debug|Any CPU
		{D58672C4-BC1C-4D35-8806-BD27BEB40742}.Release|Any CPU.ActiveCfg = Release|Any CPU
		{D58672C4-BC1C-4D35-8806-BD27BEB40742}.Release|Any CPU.Build.0 = Release|Any CPU
	EndGlobalSection
	GlobalSection(SolutionProperties) = preSolution
		HideSolutionNode = FALSE
	EndGlobalSection
	GlobalSection(ExtensibilityGlobals) = postSolution
		SolutionGuid = {910B8F4A-CFD6-4332-8BE3-B104982DA905}
	EndGlobalSection
EndGlobal
